{
  "name": "evoagent-ocr-runtime",
  "version": "1.0.0",
  "lockfileVersion": 3,
  "requires": true,
  "packages": {
    "": {
      "name": "evoagent-ocr-runtime",
      "version": "1.0.0",
      "license": "UNLICENSED",
      "dependencies": {
        "@alibaba-group/open-code-review": "1.8.5"
      }
    },
    "node_modules/@alibaba-group/ocr-darwin-arm64": {
      "version": "1.8.5",
      "resolved": "https://registry.npmmirror.com/@alibaba-group/ocr-darwin-arm64/-/ocr-darwin-arm64-1.8.5.tgz",
      "integrity": "sha512-/1Sc7vS0MtDgVr9EoS74KjjhbrS7OEiQkfx9R/lj/xMGxrNruEWMQpC9Wxvn+j0mlgehq0KNJjE8xOdVdCXJzA==",
      "cpu": [
        "arm64"
      ],
      "license": "Apache-2.0",
      "optional": true,
      "os": [
        "darwin"
      ]
    },
    "node_modules/@alibaba-group/ocr-darwin-x64": {
      "version": "1.8.5",
      "resolved": "https://registry.npmmirror.com/@alibaba-group/ocr-darwin-x64/-/ocr-darwin-x64-1.8.5.tgz",
      "integrity": "sha512-yjbjoLqLY5CWhGRDYfAw0fxWDM62Xhb4iE1ahdu5cfWd4+nSeRT+Nqb4Irpypt6Ob1Trn6aEsrVnzL3MgA4xkQ==",
      "cpu": [
        "x64"
      ],
      "license": "Apache-2.0",
      "optional": true,
      "os": [
        "darwin"
      ]
    },
    "node_modules/@alibaba-group/ocr-linux-arm64": {
      "version": "1.8.5",
      "resolved": "https://registry.npmmirror.com/@alibaba-group/ocr-linux-arm64/-/ocr-linux-arm64-1.8.5.tgz",
      "integrity": "sha512-I73h8l7//HNi47GGR92xEqyDQeMQPEw8rliN2980G3b8f/zYJFjerQGDVrZUZmcfj8Pj9ttM43FK4yZZoe8zwA==",
      "cpu": [
        "arm64"
      ],
      "license": "Apache-2.0",
      "optional": true,
      "os": [
        "linux"
      ]
    },
    "node_modules/@alibaba-group/ocr-linux-x64": {
      "version": "1.8.5",
      "resolved": "https://registry.npmmirror.com/@alibaba-group/ocr-linux-x64/-/ocr-linux-x64-1.8.5.tgz",
      "integrity": "sha512-VKVxf+KEb+/0DhWU+e3ZDgzdDVcvy0ZMp2xX7Czkn5dBovmCQfFoxihPDHkMXoXbiza4UdwPV3SY33K9XEUgMQ==",
      "cpu": [
        "x64"
      ],
      "license": "Apache-2.0",
      "optional": true,
      "os": [
        "linux"
      ]
    },
    "node_modules/@alibaba-group/ocr-win32-arm64": {
      "version": "1.8.5",
      "resolved": "https://registry.npmmirror.com/@alibaba-group/ocr-win32-arm64/-/ocr-win32-arm64-1.8.5.tgz",
      "integrity": "sha512-kJvOItKPYAbkOuXUQOb7y2tf29GuKzsD04gqgErD7QCeq6KdprVTH1Wd75wKH8YULzfAYH+pNQcRmuuLoOMgFw==",
      "cpu": [
        "arm64"
      ],
      "license": "Apache-2.0",
      "optional": true,
      "os": [
        "win32"
      ]
    },
    "node_modules/@alibaba-group/ocr-win32-x64": {
      "version": "1.8.5",
      "resolved": "https://registry.npmmirror.com/@alibaba-group/ocr-win32-x64/-/ocr-win32-x64-1.8.5.tgz",
      "integrity": "sha512-Nim7IjGjCQPMrH18tZA9xsTxm9ArV58Gj+AakCZCWYHMnetpk5BHl6FXrLEPFrM3FQMleWw4A0Vp4jbF932MvA==",
      "cpu": [
        "x64"
      ],
      "license": "Apache-2.0",
      "optional": true,
      "os": [
        "win32"
      ]
    },
    "node_modules/@alibaba-group/open-code-review": {
      "version": "1.8.5",
      "resolved": "https://registry.npmmirror.com/@alibaba-group/open-code-review/-/open-code-review-1.8.5.tgz",
      "integrity": "sha512-jUxxFSfRit4vZHZQxrHAK+0CLkSi1PI5G8gJh3jpqTVaB4jgwK7S+LzmDciXkn4Psizqsdfnc4USEDtIf5WFRQ==",
      "hasInstallScript": true,
      "license": "Apache-2.0",
      "bin": {
        "ocr": "bin/ocr.js"
      },
      "engines": {
        "node": ">=14"
      },
      "optionalDependencies": {
        "@alibaba-group/ocr-darwin-arm64": "1.8.5",
        "@alibaba-group/ocr-darwin-x64": "1.8.5",
        "@alibaba-group/ocr-linux-arm64": "1.8.5",
        "@alibaba-group/ocr-linux-x64": "1.8.5",
        "@alibaba-group/ocr-win32-arm64": "1.8.5",
        "@alibaba-group/ocr-win32-x64": "1.8.5"
      }
    }
  }
}
